PODS:
  - Bolts/Tasks (1.5.0)
  - GoogleMaps (1.11.1)
  - Parse (1.11.0):
    - Bolts/Tasks (~> 1.5)
  - Spotify-iOS-SDK (0.12.0)

DEPENDENCIES:
  - GoogleMaps
  - Parse
  - Spotify-iOS-SDK (from `Spotify-iOS-SDK.podspec.json`)

EXTERNAL SOURCES:
  Spotify-iOS-SDK:
    :podspec: Spotify-iOS-SDK.podspec.json

SPEC CHECKSUMS:
  Bolts: 722ab9a4f8b50fc4ed1b9998a5a7a2b3f16d80b4
  GoogleMaps: c947160008f414c66707a5ea60f35e92055c7670
  Parse: 886af46a0a677402f6374bb97ac212e795f70afe
  Spotify-iOS-SDK: 15371134d2b17f5bab26a992043401b59cfbdfb1

COCOAPODS: 0.39.0
