// !$*UTF8*$!
{
	archiveVersion = 1;
	classes = {
	};
	objectVersion = 46;
	objects = {

/* Begin PBXBuildFile section */
		0C1A58203BF13D8D1931530C /* libPods-harpy.a in Frameworks */ = {isa = PBXBuildFile; fileRef = 8A0453F870576313A0151B46 /* libPods-harpy.a */; };
		3B0A73221BFCD58E0010A257 /* HRPTrackCreator.m in Sources */ = {isa = PBXBuildFile; fileRef = 3B0A73211BFCD58E0010A257 /* HRPTrackCreator.m */; };
		3B0A73251BFD24420010A257 /* HRPTrack.m in Sources */ = {isa = PBXBuildFile; fileRef = 3B0A73241BFD24420010A257 /* HRPTrack.m */; };
		3B0A73281BFE30550010A257 /* HRPPlaybackController.m in Sources */ = {isa = PBXBuildFile; fileRef = 3B0A73271BFE30550010A257 /* HRPPlaybackController.m */; settings = {ASSET_TAGS = (); }; };
		3BAC251C1BFF87EF004C6790 /* HRPTempTableViewController.m in Sources */ = {isa = PBXBuildFile; fileRef = 3BAC251B1BFF87EF004C6790 /* HRPTempTableViewController.m */; settings = {ASSET_TAGS = (); }; };
		3BAC251F1BFF8810004C6790 /* HRPTempViewController.m in Sources */ = {isa = PBXBuildFile; fileRef = 3BAC251E1BFF8810004C6790 /* HRPTempViewController.m */; settings = {ASSET_TAGS = (); }; };
		3D32C7A01BFE86B1007B2DF7 /* CLLocationManager+Shared.m in Sources */ = {isa = PBXBuildFile; fileRef = 3D32C79F1BFE86B1007B2DF7 /* CLLocationManager+Shared.m */; };
		3D34D7C31BFE226C00C86BF3 /* Map.storyboard in Resources */ = {isa = PBXBuildFile; fileRef = 3D34D7C21BFE226C00C86BF3 /* Map.storyboard */; };
		3DAC61ED1BFE27D9002BAB02 /* HRPAddPostViewController.m in Sources */ = {isa = PBXBuildFile; fileRef = 3DAC61EC1BFE27D9002BAB02 /* HRPAddPostViewController.m */; };
		E9335C5C1BFA7EBC002DD9C6 /* main.m in Sources */ = {isa = PBXBuildFile; fileRef = E9335C5B1BFA7EBC002DD9C6 /* main.m */; };
		E9335C5F1BFA7EBC002DD9C6 /* AppDelegate.m in Sources */ = {isa = PBXBuildFile; fileRef = E9335C5E1BFA7EBC002DD9C6 /* AppDelegate.m */; };
		E9335C651BFA7EBC002DD9C6 /* Main.storyboard in Resources */ = {isa = PBXBuildFile; fileRef = E9335C631BFA7EBC002DD9C6 /* Main.storyboard */; };
		E9335C671BFA7EBC002DD9C6 /* Assets.xcassets in Resources */ = {isa = PBXBuildFile; fileRef = E9335C661BFA7EBC002DD9C6 /* Assets.xcassets */; };
		E9335C6A1BFA7EBC002DD9C6 /* LaunchScreen.storyboard in Resources */ = {isa = PBXBuildFile; fileRef = E9335C681BFA7EBC002DD9C6 /* LaunchScreen.storyboard */; };
		E9335C751BFA7EBD002DD9C6 /* harpyTests.m in Sources */ = {isa = PBXBuildFile; fileRef = E9335C741BFA7EBD002DD9C6 /* harpyTests.m */; };
		E93801121BFBE956004CC8A2 /* HRPMapsViewController.m in Sources */ = {isa = PBXBuildFile; fileRef = E93801111BFBE956004CC8A2 /* HRPMapsViewController.m */; };
		E93801151BFBE9C8004CC8A2 /* HRPSpotifyViewController.m in Sources */ = {isa = PBXBuildFile; fileRef = E93801141BFBE9C8004CC8A2 /* HRPSpotifyViewController.m */; };
		E93801181BFBEB97004CC8A2 /* HRPLoginRedirectViewController.m in Sources */ = {isa = PBXBuildFile; fileRef = E93801171BFBEB97004CC8A2 /* HRPLoginRedirectViewController.m */; };
		E938011B1BFC23A7004CC8A2 /* HRPLocationManager.m in Sources */ = {isa = PBXBuildFile; fileRef = E938011A1BFC23A7004CC8A2 /* HRPLocationManager.m */; };
		E93801241BFC2B90004CC8A2 /* HRPSpotifySearchViewController.m in Sources */ = {isa = PBXBuildFile; fileRef = E93801231BFC2B90004CC8A2 /* HRPSpotifySearchViewController.m */; };
		E93801271BFCCA50004CC8A2 /* HRPLoginRedirect.m in Sources */ = {isa = PBXBuildFile; fileRef = E93801261BFCCA50004CC8A2 /* HRPLoginRedirect.m */; };
		E93801291BFCEADF004CC8A2 /* Login.storyboard in Resources */ = {isa = PBXBuildFile; fileRef = E93801281BFCEADF004CC8A2 /* Login.storyboard */; };
		E938012C1BFCED7D004CC8A2 /* HRPLoginOrSignupVC.m in Sources */ = {isa = PBXBuildFile; fileRef = E938012B1BFCED7D004CC8A2 /* HRPLoginOrSignupVC.m */; };
		E93801311BFD1703004CC8A2 /* HRPParseNetworkService.m in Sources */ = {isa = PBXBuildFile; fileRef = E93801301BFD1703004CC8A2 /* HRPParseNetworkService.m */; };
		E93801341BFD1764004CC8A2 /* HRPUser.m in Sources */ = {isa = PBXBuildFile; fileRef = E93801331BFD1764004CC8A2 /* HRPUser.m */; };
		E9E211141BFD3E2500739143 /* Keys.plist in Resources */ = {isa = PBXBuildFile; fileRef = E9E211131BFD3E2500739143 /* Keys.plist */; };
		E9E211171BFD76B700739143 /* HRPValidationManager.m in Sources */ = {isa = PBXBuildFile; fileRef = E9E211161BFD76B700739143 /* HRPValidationManager.m */; };
		E9EE0EB81BFFCB0100C4F1DE /* Manager.storyboard in Resources */ = {isa = PBXBuildFile; fileRef = E9EE0EB71BFFCB0100C4F1DE /* Manager.storyboard */; settings = {ASSET_TAGS = (); }; };
		E9F8CE721BFE1F3800979181 /* HRPSignupVC.m in Sources */ = {isa = PBXBuildFile; fileRef = E9F8CE711BFE1F3800979181 /* HRPSignupVC.m */; };
		E9F8CE7B1BFE622F00979181 /* CLLocationManager+Shared.m in Sources */ = {isa = PBXBuildFile; fileRef = E9F8CE7A1BFE622F00979181 /* CLLocationManager+Shared.m */; };
		E9F8CE7E1BFFA4BD00979181 /* UIViewController+PresentViewController.m in Sources */ = {isa = PBXBuildFile; fileRef = E9F8CE7D1BFFA4BD00979181 /* UIViewController+PresentViewController.m */; settings = {ASSET_TAGS = (); }; };
		E9FA64D41C039E43008DDE69 /* HRPManagerViewController.m in Sources */ = {isa = PBXBuildFile; fileRef = E9FA64D31C039E43008DDE69 /* HRPManagerViewController.m */; settings = {ASSET_TAGS = (); }; };
		E9FA64D61C03BA9C008DDE69 /* UserProfile.storyboard in Resources */ = {isa = PBXBuildFile; fileRef = E9FA64D51C03BA9C008DDE69 /* UserProfile.storyboard */; settings = {ASSET_TAGS = (); }; };
		E9FA64D81C03BAC6008DDE69 /* TrackViews.storyboard in Resources */ = {isa = PBXBuildFile; fileRef = E9FA64D71C03BAC6008DDE69 /* TrackViews.storyboard */; settings = {ASSET_TAGS = (); }; };
		E9FA64DB1C03BD90008DDE69 /* ProfileVC.m in Sources */ = {isa = PBXBuildFile; fileRef = E9FA64DA1C03BD90008DDE69 /* ProfileVC.m */; settings = {ASSET_TAGS = (); }; };
/* End PBXBuildFile section */

/* Begin PBXContainerItemProxy section */
		E9335C711BFA7EBD002DD9C6 /* PBXContainerItemProxy */ = {
			isa = PBXContainerItemProxy;
			containerPortal = E9335C4F1BFA7EBC002DD9C6 /* Project object */;
			proxyType = 1;
			remoteGlobalIDString = E9335C561BFA7EBC002DD9C6;
			remoteInfo = harpy;
		};
/* End PBXContainerItemProxy section */

/* Begin PBXFileReference section */
		1439F6BDFBB4367B82653AF1 /* Pods-harpy.debug.xcconfig */ = {isa = PBXFileReference; includeInIndex = 1; lastKnownFileType = text.xcconfig; name = "Pods-harpy.debug.xcconfig"; path = "Pods/Target Support Files/Pods-harpy/Pods-harpy.debug.xcconfig"; sourceTree = "<group>"; };
		3B0A73201BFCD58E0010A257 /* HRPTrackCreator.h */ = {isa = PBXFileReference; fileEncoding = 4; lastKnownFileType = sourcecode.c.h; path = HRPTrackCreator.h; sourceTree = "<group>"; };
		3B0A73211BFCD58E0010A257 /* HRPTrackCreator.m */ = {isa = PBXFileReference; fileEncoding = 4; lastKnownFileType = sourcecode.c.objc; path = HRPTrackCreator.m; sourceTree = "<group>"; };
		3B0A73231BFD24420010A257 /* HRPTrack.h */ = {isa = PBXFileReference; fileEncoding = 4; lastKnownFileType = sourcecode.c.h; path = HRPTrack.h; sourceTree = "<group>"; };
		3B0A73241BFD24420010A257 /* HRPTrack.m */ = {isa = PBXFileReference; fileEncoding = 4; lastKnownFileType = sourcecode.c.objc; path = HRPTrack.m; sourceTree = "<group>"; };
		3B0A73261BFE30550010A257 /* HRPPlaybackController.h */ = {isa = PBXFileReference; fileEncoding = 4; lastKnownFileType = sourcecode.c.h; path = HRPPlaybackController.h; sourceTree = "<group>"; };
		3B0A73271BFE30550010A257 /* HRPPlaybackController.m */ = {isa = PBXFileReference; fileEncoding = 4; lastKnownFileType = sourcecode.c.objc; path = HRPPlaybackController.m; sourceTree = "<group>"; };
		3BAC251A1BFF87EF004C6790 /* HRPTempTableViewController.h */ = {isa = PBXFileReference; fileEncoding = 4; lastKnownFileType = sourcecode.c.h; path = HRPTempTableViewController.h; sourceTree = "<group>"; };
		3BAC251B1BFF87EF004C6790 /* HRPTempTableViewController.m */ = {isa = PBXFileReference; fileEncoding = 4; lastKnownFileType = sourcecode.c.objc; path = HRPTempTableViewController.m; sourceTree = "<group>"; };
		3BAC251D1BFF8810004C6790 /* HRPTempViewController.h */ = {isa = PBXFileReference; fileEncoding = 4; lastKnownFileType = sourcecode.c.h; path = HRPTempViewController.h; sourceTree = "<group>"; };
		3BAC251E1BFF8810004C6790 /* HRPTempViewController.m */ = {isa = PBXFileReference; fileEncoding = 4; lastKnownFileType = sourcecode.c.objc; path = HRPTempViewController.m; sourceTree = "<group>"; };
		3D32C79B1BFE8572007B2DF7 /* CLLocationManager+Shared.h */ = {isa = PBXFileReference; fileEncoding = 4; lastKnownFileType = sourcecode.c.h; path = "CLLocationManager+Shared.h"; sourceTree = "<group>"; };
		3D32C79F1BFE86B1007B2DF7 /* CLLocationManager+Shared.m */ = {isa = PBXFileReference; fileEncoding = 4; lastKnownFileType = sourcecode.c.objc; path = "CLLocationManager+Shared.m"; sourceTree = "<group>"; };
		3D34D7C21BFE226C00C86BF3 /* Map.storyboard */ = {isa = PBXFileReference; fileEncoding = 4; lastKnownFileType = file.storyboard; path = Map.storyboard; sourceTree = "<group>"; };
		3DAC61EB1BFE27D9002BAB02 /* HRPAddPostViewController.h */ = {isa = PBXFileReference; fileEncoding = 4; lastKnownFileType = sourcecode.c.h; path = HRPAddPostViewController.h; sourceTree = "<group>"; };
		3DAC61EC1BFE27D9002BAB02 /* HRPAddPostViewController.m */ = {isa = PBXFileReference; fileEncoding = 4; lastKnownFileType = sourcecode.c.objc; path = HRPAddPostViewController.m; sourceTree = "<group>"; };
		6DB65EC059DFF1DB09801C30 /* Pods-harpy.release.xcconfig */ = {isa = PBXFileReference; includeInIndex = 1; lastKnownFileType = text.xcconfig; name = "Pods-harpy.release.xcconfig"; path = "Pods/Target Support Files/Pods-harpy/Pods-harpy.release.xcconfig"; sourceTree = "<group>"; };
		8A0453F870576313A0151B46 /* libPods-harpy.a */ = {isa = PBXFileReference; explicitFileType = archive.ar; includeInIndex = 0; path = "libPods-harpy.a"; sourceTree = BUILT_PRODUCTS_DIR; };
		E9335C571BFA7EBC002DD9C6 /* harpy.app */ = {isa = PBXFileReference; explicitFileType = wrapper.application; includeInIndex = 0; path = harpy.app; sourceTree = BUILT_PRODUCTS_DIR; };
		E9335C5B1BFA7EBC002DD9C6 /* main.m */ = {isa = PBXFileReference; lastKnownFileType = sourcecode.c.objc; path = main.m; sourceTree = "<group>"; };
		E9335C5D1BFA7EBC002DD9C6 /* AppDelegate.h */ = {isa = PBXFileReference; lastKnownFileType = sourcecode.c.h; path = AppDelegate.h; sourceTree = "<group>"; };
		E9335C5E1BFA7EBC002DD9C6 /* AppDelegate.m */ = {isa = PBXFileReference; lastKnownFileType = sourcecode.c.objc; path = AppDelegate.m; sourceTree = "<group>"; };
		E9335C641BFA7EBC002DD9C6 /* Base */ = {isa = PBXFileReference; lastKnownFileType = file.storyboard; name = Base; path = Base.lproj/Main.storyboard; sourceTree = "<group>"; };
		E9335C661BFA7EBC002DD9C6 /* Assets.xcassets */ = {isa = PBXFileReference; lastKnownFileType = folder.assetcatalog; path = Assets.xcassets; sourceTree = "<group>"; };
		E9335C691BFA7EBC002DD9C6 /* Base */ = {isa = PBXFileReference; lastKnownFileType = file.storyboard; name = Base; path = Base.lproj/LaunchScreen.storyboard; sourceTree = "<group>"; };
		E9335C6B1BFA7EBC002DD9C6 /* Info.plist */ = {isa = PBXFileReference; lastKnownFileType = text.plist.xml; path = Info.plist; sourceTree = "<group>"; };
		E9335C701BFA7EBD002DD9C6 /* harpyTests.xctest */ = {isa = PBXFileReference; explicitFileType = wrapper.cfbundle; includeInIndex = 0; path = harpyTests.xctest; sourceTree = BUILT_PRODUCTS_DIR; };
		E9335C741BFA7EBD002DD9C6 /* harpyTests.m */ = {isa = PBXFileReference; lastKnownFileType = sourcecode.c.objc; path = harpyTests.m; sourceTree = "<group>"; };
		E9335C761BFA7EBD002DD9C6 /* Info.plist */ = {isa = PBXFileReference; lastKnownFileType = text.plist.xml; path = Info.plist; sourceTree = "<group>"; };
		E93801101BFBE956004CC8A2 /* HRPMapsViewController.h */ = {isa = PBXFileReference; fileEncoding = 4; lastKnownFileType = sourcecode.c.h; path = HRPMapsViewController.h; sourceTree = "<group>"; };
		E93801111BFBE956004CC8A2 /* HRPMapsViewController.m */ = {isa = PBXFileReference; fileEncoding = 4; lastKnownFileType = sourcecode.c.objc; path = HRPMapsViewController.m; sourceTree = "<group>"; };
		E93801131BFBE9C8004CC8A2 /* HRPSpotifyViewController.h */ = {isa = PBXFileReference; fileEncoding = 4; lastKnownFileType = sourcecode.c.h; path = HRPSpotifyViewController.h; sourceTree = "<group>"; };
		E93801141BFBE9C8004CC8A2 /* HRPSpotifyViewController.m */ = {isa = PBXFileReference; fileEncoding = 4; lastKnownFileType = sourcecode.c.objc; path = HRPSpotifyViewController.m; sourceTree = "<group>"; };
		E93801161BFBEB97004CC8A2 /* HRPLoginRedirectViewController.h */ = {isa = PBXFileReference; fileEncoding = 4; lastKnownFileType = sourcecode.c.h; path = HRPLoginRedirectViewController.h; sourceTree = "<group>"; };
		E93801171BFBEB97004CC8A2 /* HRPLoginRedirectViewController.m */ = {isa = PBXFileReference; fileEncoding = 4; lastKnownFileType = sourcecode.c.objc; path = HRPLoginRedirectViewController.m; sourceTree = "<group>"; };
		E93801191BFC23A7004CC8A2 /* HRPLocationManager.h */ = {isa = PBXFileReference; fileEncoding = 4; lastKnownFileType = sourcecode.c.h; path = HRPLocationManager.h; sourceTree = "<group>"; };
		E938011A1BFC23A7004CC8A2 /* HRPLocationManager.m */ = {isa = PBXFileReference; fileEncoding = 4; lastKnownFileType = sourcecode.c.objc; path = HRPLocationManager.m; sourceTree = "<group>"; };
		E93801221BFC2B90004CC8A2 /* HRPSpotifySearchViewController.h */ = {isa = PBXFileReference; fileEncoding = 4; lastKnownFileType = sourcecode.c.h; path = HRPSpotifySearchViewController.h; sourceTree = "<group>"; };
		E93801231BFC2B90004CC8A2 /* HRPSpotifySearchViewController.m */ = {isa = PBXFileReference; fileEncoding = 4; lastKnownFileType = sourcecode.c.objc; path = HRPSpotifySearchViewController.m; sourceTree = "<group>"; };
		E93801251BFCCA50004CC8A2 /* HRPLoginRedirect.h */ = {isa = PBXFileReference; fileEncoding = 4; lastKnownFileType = sourcecode.c.h; path = HRPLoginRedirect.h; sourceTree = "<group>"; };
		E93801261BFCCA50004CC8A2 /* HRPLoginRedirect.m */ = {isa = PBXFileReference; fileEncoding = 4; lastKnownFileType = sourcecode.c.objc; path = HRPLoginRedirect.m; sourceTree = "<group>"; };
		E93801281BFCEADF004CC8A2 /* Login.storyboard */ = {isa = PBXFileReference; fileEncoding = 4; lastKnownFileType = file.storyboard; path = Login.storyboard; sourceTree = "<group>"; };
		E938012A1BFCED7D004CC8A2 /* HRPLoginOrSignupVC.h */ = {isa = PBXFileReference; fileEncoding = 4; lastKnownFileType = sourcecode.c.h; path = HRPLoginOrSignupVC.h; sourceTree = "<group>"; };
		E938012B1BFCED7D004CC8A2 /* HRPLoginOrSignupVC.m */ = {isa = PBXFileReference; fileEncoding = 4; lastKnownFileType = sourcecode.c.objc; path = HRPLoginOrSignupVC.m; sourceTree = "<group>"; };
		E938012F1BFD1703004CC8A2 /* HRPParseNetworkService.h */ = {isa = PBXFileReference; fileEncoding = 4; lastKnownFileType = sourcecode.c.h; path = HRPParseNetworkService.h; sourceTree = "<group>"; };
		E93801301BFD1703004CC8A2 /* HRPParseNetworkService.m */ = {isa = PBXFileReference; fileEncoding = 4; lastKnownFileType = sourcecode.c.objc; path = HRPParseNetworkService.m; sourceTree = "<group>"; };
		E93801321BFD1764004CC8A2 /* HRPUser.h */ = {isa = PBXFileReference; fileEncoding = 4; lastKnownFileType = sourcecode.c.h; path = HRPUser.h; sourceTree = "<group>"; };
		E93801331BFD1764004CC8A2 /* HRPUser.m */ = {isa = PBXFileReference; fileEncoding = 4; lastKnownFileType = sourcecode.c.objc; path = HRPUser.m; sourceTree = "<group>"; };
		E9E211131BFD3E2500739143 /* Keys.plist */ = {isa = PBXFileReference; fileEncoding = 4; lastKnownFileType = text.plist.xml; path = Keys.plist; sourceTree = "<group>"; };
		E9E211151BFD76B700739143 /* HRPValidationManager.h */ = {isa = PBXFileReference; fileEncoding = 4; lastKnownFileType = sourcecode.c.h; path = HRPValidationManager.h; sourceTree = "<group>"; };
		E9E211161BFD76B700739143 /* HRPValidationManager.m */ = {isa = PBXFileReference; fileEncoding = 4; lastKnownFileType = sourcecode.c.objc; path = HRPValidationManager.m; sourceTree = "<group>"; };
		E9EE0EB71BFFCB0100C4F1DE /* Manager.storyboard */ = {isa = PBXFileReference; fileEncoding = 4; lastKnownFileType = file.storyboard; path = Manager.storyboard; sourceTree = "<group>"; };
		E9F8CE701BFE1F3800979181 /* HRPSignupVC.h */ = {isa = PBXFileReference; fileEncoding = 4; lastKnownFileType = sourcecode.c.h; path = HRPSignupVC.h; sourceTree = "<group>"; };
		E9F8CE711BFE1F3800979181 /* HRPSignupVC.m */ = {isa = PBXFileReference; fileEncoding = 4; lastKnownFileType = sourcecode.c.objc; path = HRPSignupVC.m; sourceTree = "<group>"; };
		E9F8CE791BFE622F00979181 /* CLLocationManager+Shared.h */ = {isa = PBXFileReference; fileEncoding = 4; lastKnownFileType = sourcecode.c.h; path = "CLLocationManager+Shared.h"; sourceTree = "<group>"; };
		E9F8CE7A1BFE622F00979181 /* CLLocationManager+Shared.m */ = {isa = PBXFileReference; fileEncoding = 4; lastKnownFileType = sourcecode.c.objc; path = "CLLocationManager+Shared.m"; sourceTree = "<group>"; };
		E9F8CE7C1BFFA4BD00979181 /* UIViewController+PresentViewController.h */ = {isa = PBXFileReference; fileEncoding = 4; lastKnownFileType = sourcecode.c.h; path = "UIViewController+PresentViewController.h"; sourceTree = "<group>"; };
		E9F8CE7D1BFFA4BD00979181 /* UIViewController+PresentViewController.m */ = {isa = PBXFileReference; fileEncoding = 4; lastKnownFileType = sourcecode.c.objc; path = "UIViewController+PresentViewController.m"; sourceTree = "<group>"; };
		E9FA64D21C039E43008DDE69 /* HRPManagerViewController.h */ = {isa = PBXFileReference; fileEncoding = 4; lastKnownFileType = sourcecode.c.h; path = HRPManagerViewController.h; sourceTree = "<group>"; };
		E9FA64D31C039E43008DDE69 /* HRPManagerViewController.m */ = {isa = PBXFileReference; fileEncoding = 4; lastKnownFileType = sourcecode.c.objc; path = HRPManagerViewController.m; sourceTree = "<group>"; };
		E9FA64D51C03BA9C008DDE69 /* UserProfile.storyboard */ = {isa = PBXFileReference; fileEncoding = 4; lastKnownFileType = file.storyboard; path = UserProfile.storyboard; sourceTree = "<group>"; };
		E9FA64D71C03BAC6008DDE69 /* TrackViews.storyboard */ = {isa = PBXFileReference; fileEncoding = 4; lastKnownFileType = file.storyboard; path = TrackViews.storyboard; sourceTree = "<group>"; };
		E9FA64D91C03BD90008DDE69 /* ProfileVC.h */ = {isa = PBXFileReference; fileEncoding = 4; lastKnownFileType = sourcecode.c.h; path = ProfileVC.h; sourceTree = "<group>"; };
		E9FA64DA1C03BD90008DDE69 /* ProfileVC.m */ = {isa = PBXFileReference; fileEncoding = 4; lastKnownFileType = sourcecode.c.objc; path = ProfileVC.m; sourceTree = "<group>"; };
/* End PBXFileReference section */

/* Begin PBXFrameworksBuildPhase section */
		E9335C541BFA7EBC002DD9C6 /* Frameworks */ = {
			isa = PBXFrameworksBuildPhase;
			buildActionMask = 2147483647;
			files = (
				0C1A58203BF13D8D1931530C /* libPods-harpy.a in Frameworks */,
			);
			runOnlyForDeploymentPostprocessing = 0;
		};
		E9335C6D1BFA7EBD002DD9C6 /* Frameworks */ = {
			isa = PBXFrameworksBuildPhase;
			buildActionMask = 2147483647;
			files = (
			);
			runOnlyForDeploymentPostprocessing = 0;
		};
/* End PBXFrameworksBuildPhase section */

/* Begin PBXGroup section */
		2BB797948A4D7924FE59D76C /* Pods */ = {
			isa = PBXGroup;
			children = (
				1439F6BDFBB4367B82653AF1 /* Pods-harpy.debug.xcconfig */,
				6DB65EC059DFF1DB09801C30 /* Pods-harpy.release.xcconfig */,
			);
			name = Pods;
			sourceTree = "<group>";
		};
		C6E06CB9E0DD43AFFCFA67DB /* Frameworks */ = {
			isa = PBXGroup;
			children = (
				8A0453F870576313A0151B46 /* libPods-harpy.a */,
			);
			name = Frameworks;
			sourceTree = "<group>";
		};
		E9335C4E1BFA7EBC002DD9C6 = {
			isa = PBXGroup;
			children = (
				E9335C591BFA7EBC002DD9C6 /* harpy */,
				E9335C731BFA7EBD002DD9C6 /* harpyTests */,
				E9335C581BFA7EBC002DD9C6 /* Products */,
				2BB797948A4D7924FE59D76C /* Pods */,
				C6E06CB9E0DD43AFFCFA67DB /* Frameworks */,
			);
			sourceTree = "<group>";
		};
		E9335C581BFA7EBC002DD9C6 /* Products */ = {
			isa = PBXGroup;
			children = (
				E9335C571BFA7EBC002DD9C6 /* harpy.app */,
				E9335C701BFA7EBD002DD9C6 /* harpyTests.xctest */,
			);
			name = Products;
			sourceTree = "<group>";
		};
		E9335C591BFA7EBC002DD9C6 /* harpy */ = {
			isa = PBXGroup;
			children = (
				E9335C5D1BFA7EBC002DD9C6 /* AppDelegate.h */,
				E9335C5E1BFA7EBC002DD9C6 /* AppDelegate.m */,
				3D32C79B1BFE8572007B2DF7 /* CLLocationManager+Shared.h */,
				3D32C79F1BFE86B1007B2DF7 /* CLLocationManager+Shared.m */,
				E9F8CE7C1BFFA4BD00979181 /* UIViewController+PresentViewController.h */,
				E9F8CE7D1BFFA4BD00979181 /* UIViewController+PresentViewController.m */,
				E93801131BFBE9C8004CC8A2 /* HRPSpotifyViewController.h */,
				E93801141BFBE9C8004CC8A2 /* HRPSpotifyViewController.m */,
				E93801221BFC2B90004CC8A2 /* HRPSpotifySearchViewController.h */,
				E93801231BFC2B90004CC8A2 /* HRPSpotifySearchViewController.m */,
				E9FA64D21C039E43008DDE69 /* HRPManagerViewController.h */,
				E9FA64D31C039E43008DDE69 /* HRPManagerViewController.m */,
				E9EE0EB71BFFCB0100C4F1DE /* Manager.storyboard */,
				E9FA64DC1C03BD9D008DDE69 /* Profile */,
				E9EE0EB91BFFCB4000C4F1DE /* Spotify */,
				E938012E1BFCEF6C004CC8A2 /* Maps */,
				E938012D1BFCEF58004CC8A2 /* Login */,
				E9335C661BFA7EBC002DD9C6 /* Assets.xcassets */,
				E9335C631BFA7EBC002DD9C6 /* Main.storyboard */,
				E9335C681BFA7EBC002DD9C6 /* LaunchScreen.storyboard */,
				E9335C5A1BFA7EBC002DD9C6 /* Supporting Files */,
				3BAC251A1BFF87EF004C6790 /* HRPTempTableViewController.h */,
				3BAC251B1BFF87EF004C6790 /* HRPTempTableViewController.m */,
				3BAC251D1BFF8810004C6790 /* HRPTempViewController.h */,
				3BAC251E1BFF8810004C6790 /* HRPTempViewController.m */,
			);
			path = harpy;
			sourceTree = "<group>";
		};
		E9335C5A1BFA7EBC002DD9C6 /* Supporting Files */ = {
			isa = PBXGroup;
			children = (
				E9E211131BFD3E2500739143 /* Keys.plist */,
				E9335C6B1BFA7EBC002DD9C6 /* Info.plist */,
				E9335C5B1BFA7EBC002DD9C6 /* main.m */,
			);
			name = "Supporting Files";
			sourceTree = "<group>";
		};
		E9335C731BFA7EBD002DD9C6 /* harpyTests */ = {
			isa = PBXGroup;
			children = (
				E9335C741BFA7EBD002DD9C6 /* harpyTests.m */,
				E9335C761BFA7EBD002DD9C6 /* Info.plist */,
			);
			path = harpyTests;
			sourceTree = "<group>";
		};
		E938012D1BFCEF58004CC8A2 /* Login */ = {
			isa = PBXGroup;
			children = (
				E93801281BFCEADF004CC8A2 /* Login.storyboard */,
				E938012F1BFD1703004CC8A2 /* HRPParseNetworkService.h */,
				E93801301BFD1703004CC8A2 /* HRPParseNetworkService.m */,
				E93801321BFD1764004CC8A2 /* HRPUser.h */,
				E93801331BFD1764004CC8A2 /* HRPUser.m */,
				E93801161BFBEB97004CC8A2 /* HRPLoginRedirectViewController.h */,
				E93801171BFBEB97004CC8A2 /* HRPLoginRedirectViewController.m */,
				E93801251BFCCA50004CC8A2 /* HRPLoginRedirect.h */,
				E93801261BFCCA50004CC8A2 /* HRPLoginRedirect.m */,
				E938012A1BFCED7D004CC8A2 /* HRPLoginOrSignupVC.h */,
				E938012B1BFCED7D004CC8A2 /* HRPLoginOrSignupVC.m */,
				E9F8CE701BFE1F3800979181 /* HRPSignupVC.h */,
				E9F8CE711BFE1F3800979181 /* HRPSignupVC.m */,
				E9E211151BFD76B700739143 /* HRPValidationManager.h */,
				E9E211161BFD76B700739143 /* HRPValidationManager.m */,
			);
			name = Login;
			sourceTree = "<group>";
		};
		E938012E1BFCEF6C004CC8A2 /* Maps */ = {
			isa = PBXGroup;
			children = (
				3D34D7C21BFE226C00C86BF3 /* Map.storyboard */,
				E9F8CE791BFE622F00979181 /* CLLocationManager+Shared.h */,
				E9F8CE7A1BFE622F00979181 /* CLLocationManager+Shared.m */,
				E93801101BFBE956004CC8A2 /* HRPMapsViewController.h */,
				E93801111BFBE956004CC8A2 /* HRPMapsViewController.m */,
				3DAC61EB1BFE27D9002BAB02 /* HRPAddPostViewController.h */,
				3DAC61EC1BFE27D9002BAB02 /* HRPAddPostViewController.m */,
				E93801191BFC23A7004CC8A2 /* HRPLocationManager.h */,
				E938011A1BFC23A7004CC8A2 /* HRPLocationManager.m */,
			);
			name = Maps;
			sourceTree = "<group>";
		};
		E9EE0EB91BFFCB4000C4F1DE /* Spotify */ = {
			isa = PBXGroup;
			children = (
				E9FA64D71C03BAC6008DDE69 /* TrackViews.storyboard */,
				3B0A73201BFCD58E0010A257 /* HRPTrackCreator.h */,
				3B0A73211BFCD58E0010A257 /* HRPTrackCreator.m */,
				3B0A73231BFD24420010A257 /* HRPTrack.h */,
				3B0A73241BFD24420010A257 /* HRPTrack.m */,
				3B0A73261BFE30550010A257 /* HRPPlaybackController.h */,
				3B0A73271BFE30550010A257 /* HRPPlaybackController.m */,
			);
			name = Spotify;
			sourceTree = "<group>";
		};
		E9FA64DC1C03BD9D008DDE69 /* Profile */ = {
			isa = PBXGroup;
			children = (
				E9FA64D51C03BA9C008DDE69 /* UserProfile.storyboard */,
				E9FA64D91C03BD90008DDE69 /* ProfileVC.h */,
				E9FA64DA1C03BD90008DDE69 /* ProfileVC.m */,
			);
			name = Profile;
			sourceTree = "<group>";
		};
/* End PBXGroup section */

/* Begin PBXNativeTarget section */
		E9335C561BFA7EBC002DD9C6 /* harpy */ = {
			isa = PBXNativeTarget;
			buildConfigurationList = E9335C791BFA7EBD002DD9C6 /* Build configuration list for PBXNativeTarget "harpy" */;
			buildPhases = (
				842265E5850C3CE7BAF68C67 /* Check Pods Manifest.lock */,
				E9335C531BFA7EBC002DD9C6 /* Sources */,
				E9335C541BFA7EBC002DD9C6 /* Frameworks */,
				E9335C551BFA7EBC002DD9C6 /* Resources */,
				3C882B7FE7705866A0D66EEA /* Embed Pods Frameworks */,
				6B04DF8DF50012F45E9A5542 /* Copy Pods Resources */,
			);
			buildRules = (
			);
			dependencies = (
			);
			name = harpy;
			productName = harpy;
			productReference = E9335C571BFA7EBC002DD9C6 /* harpy.app */;
			productType = "com.apple.product-type.application";
		};
		E9335C6F1BFA7EBD002DD9C6 /* harpyTests */ = {
			isa = PBXNativeTarget;
			buildConfigurationList = E9335C7C1BFA7EBD002DD9C6 /* Build configuration list for PBXNativeTarget "harpyTests" */;
			buildPhases = (
				E9335C6C1BFA7EBD002DD9C6 /* Sources */,
				E9335C6D1BFA7EBD002DD9C6 /* Frameworks */,
				E9335C6E1BFA7EBD002DD9C6 /* Resources */,
			);
			buildRules = (
			);
			dependencies = (
				E9335C721BFA7EBD002DD9C6 /* PBXTargetDependency */,
			);
			name = harpyTests;
			productName = harpyTests;
			productReference = E9335C701BFA7EBD002DD9C6 /* harpyTests.xctest */;
			productType = "com.apple.product-type.bundle.unit-test";
		};
/* End PBXNativeTarget section */

/* Begin PBXProject section */
		E9335C4F1BFA7EBC002DD9C6 /* Project object */ = {
			isa = PBXProject;
			attributes = {
				LastUpgradeCheck = 0700;
				ORGANIZATIONNAME = teamFloppyDisk;
				TargetAttributes = {
					E9335C561BFA7EBC002DD9C6 = {
						CreatedOnToolsVersion = 7.0.1;
					};
					E9335C6F1BFA7EBD002DD9C6 = {
						CreatedOnToolsVersion = 7.0.1;
						TestTargetID = E9335C561BFA7EBC002DD9C6;
					};
				};
			};
			buildConfigurationList = E9335C521BFA7EBC002DD9C6 /* Build configuration list for PBXProject "harpy" */;
			compatibilityVersion = "Xcode 3.2";
			developmentRegion = English;
			hasScannedForEncodings = 0;
			knownRegions = (
				en,
				Base,
			);
			mainGroup = E9335C4E1BFA7EBC002DD9C6;
			productRefGroup = E9335C581BFA7EBC002DD9C6 /* Products */;
			projectDirPath = "";
			projectRoot = "";
			targets = (
				E9335C561BFA7EBC002DD9C6 /* harpy */,
				E9335C6F1BFA7EBD002DD9C6 /* harpyTests */,
			);
		};
/* End PBXProject section */

/* Begin PBXResourcesBuildPhase section */
		E9335C551BFA7EBC002DD9C6 /* Resources */ = {
			isa = PBXResourcesBuildPhase;
			buildActionMask = 2147483647;
			files = (
				E9E211141BFD3E2500739143 /* Keys.plist in Resources */,
				E9335C6A1BFA7EBC002DD9C6 /* LaunchScreen.storyboard in Resources */,
				E9EE0EB81BFFCB0100C4F1DE /* Manager.storyboard in Resources */,
				E9335C671BFA7EBC002DD9C6 /* Assets.xcassets in Resources */,
				E93801291BFCEADF004CC8A2 /* Login.storyboard in Resources */,
				E9FA64D61C03BA9C008DDE69 /* UserProfile.storyboard in Resources */,
				E9FA64D81C03BAC6008DDE69 /* TrackViews.storyboard in Resources */,
				E9335C651BFA7EBC002DD9C6 /* Main.storyboard in Resources */,
				3D34D7C31BFE226C00C86BF3 /* Map.storyboard in Resources */,
			);
			runOnlyForDeploymentPostprocessing = 0;
		};
		E9335C6E1BFA7EBD002DD9C6 /* Resources */ = {
			isa = PBXResourcesBuildPhase;
			buildActionMask = 2147483647;
			files = (
			);
			runOnlyForDeploymentPostprocessing = 0;
		};
/* End PBXResourcesBuildPhase section */

/* Begin PBXShellScriptBuildPhase section */
		3C882B7FE7705866A0D66EEA /* Embed Pods Frameworks */ = {
			isa = PBXShellScriptBuildPhase;
			buildActionMask = 2147483647;
			files = (
			);
			inputPaths = (
			);
			name = "Embed Pods Frameworks";
			outputPaths = (
			);
			runOnlyForDeploymentPostprocessing = 0;
			shellPath = /bin/sh;
			shellScript = "\"${SRCROOT}/Pods/Target Support Files/Pods-harpy/Pods-harpy-frameworks.sh\"\n";
			showEnvVarsInLog = 0;
		};
		6B04DF8DF50012F45E9A5542 /* Copy Pods Resources */ = {
			isa = PBXShellScriptBuildPhase;
			buildActionMask = 2147483647;
			files = (
			);
			inputPaths = (
			);
			name = "Copy Pods Resources";
			outputPaths = (
			);
			runOnlyForDeploymentPostprocessing = 0;
			shellPath = /bin/sh;
			shellScript = "\"${SRCROOT}/Pods/Target Support Files/Pods-harpy/Pods-harpy-resources.sh\"\n";
			showEnvVarsInLog = 0;
		};
		842265E5850C3CE7BAF68C67 /* Check Pods Manifest.lock */ = {
			isa = PBXShellScriptBuildPhase;
			buildActionMask = 2147483647;
			files = (
			);
			inputPaths = (
			);
			name = "Check Pods Manifest.lock";
			outputPaths = (
			);
			runOnlyForDeploymentPostprocessing = 0;
			shellPath = /bin/sh;
			shellScript = "diff \"${PODS_ROOT}/../Podfile.lock\" \"${PODS_ROOT}/Manifest.lock\" > /dev/null\nif [[ $? != 0 ]] ; then\n    cat << EOM\nerror: The sandbox is not in sync with the Podfile.lock. Run 'pod install' or update your CocoaPods installation.\nEOM\n    exit 1\nfi\n";
			showEnvVarsInLog = 0;
		};
/* End PBXShellScriptBuildPhase section */

/* Begin PBXSourcesBuildPhase section */
		E9335C531BFA7EBC002DD9C6 /* Sources */ = {
			isa = PBXSourcesBuildPhase;
			buildActionMask = 2147483647;
			files = (
				3B0A73251BFD24420010A257 /* HRPTrack.m in Sources */,
				E9E211171BFD76B700739143 /* HRPValidationManager.m in Sources */,
				E938011B1BFC23A7004CC8A2 /* HRPLocationManager.m in Sources */,
				3D32C7A01BFE86B1007B2DF7 /* CLLocationManager+Shared.m in Sources */,
				E93801121BFBE956004CC8A2 /* HRPMapsViewController.m in Sources */,
				E93801341BFD1764004CC8A2 /* HRPUser.m in Sources */,
				E93801311BFD1703004CC8A2 /* HRPParseNetworkService.m in Sources */,
				E9FA64D41C039E43008DDE69 /* HRPManagerViewController.m in Sources */,
				3BAC251F1BFF8810004C6790 /* HRPTempViewController.m in Sources */,
				3B0A73281BFE30550010A257 /* HRPPlaybackController.m in Sources */,
				E9335C5F1BFA7EBC002DD9C6 /* AppDelegate.m in Sources */,
				E93801151BFBE9C8004CC8A2 /* HRPSpotifyViewController.m in Sources */,
				E9F8CE721BFE1F3800979181 /* HRPSignupVC.m in Sources */,
				E938012C1BFCED7D004CC8A2 /* HRPLoginOrSignupVC.m in Sources */,
				E93801241BFC2B90004CC8A2 /* HRPSpotifySearchViewController.m in Sources */,
				E93801181BFBEB97004CC8A2 /* HRPLoginRedirectViewController.m in Sources */,
				E9FA64DB1C03BD90008DDE69 /* ProfileVC.m in Sources */,
				3B0A73221BFCD58E0010A257 /* HRPTrackCreator.m in Sources */,
				E9F8CE7B1BFE622F00979181 /* CLLocationManager+Shared.m in Sources */,
				3DAC61ED1BFE27D9002BAB02 /* HRPAddPostViewController.m in Sources */,
				E93801271BFCCA50004CC8A2 /* HRPLoginRedirect.m in Sources */,
				E9F8CE7E1BFFA4BD00979181 /* UIViewController+PresentViewController.m in Sources */,
				3BAC251C1BFF87EF004C6790 /* HRPTempTableViewController.m in Sources */,
				E9335C5C1BFA7EBC002DD9C6 /* main.m in Sources */,
			);
			runOnlyForDeploymentPostprocessing = 0;
		};
		E9335C6C1BFA7EBD002DD9C6 /* Sources */ = {
			isa = PBXSourcesBuildPhase;
			buildActionMask = 2147483647;
			files = (
				E9335C751BFA7EBD002DD9C6 /* harpyTests.m in Sources */,
			);
			runOnlyForDeploymentPostprocessing = 0;
		};
/* End PBXSourcesBuildPhase section */

/* Begin PBXTargetDependency section */
		E9335C721BFA7EBD002DD9C6 /* PBXTargetDependency */ = {
			isa = PBXTargetDependency;
			target = E9335C561BFA7EBC002DD9C6 /* harpy */;
			targetProxy = E9335C711BFA7EBD002DD9C6 /* PBXContainerItemProxy */;
		};
/* End PBXTargetDependency section */

/* Begin PBXVariantGroup section */
		E9335C631BFA7EBC002DD9C6 /* Main.storyboard */ = {
			isa = PBXVariantGroup;
			children = (
				E9335C641BFA7EBC002DD9C6 /* Base */,
			);
			name = Main.storyboard;
			sourceTree = "<group>";
		};
		E9335C681BFA7EBC002DD9C6 /* LaunchScreen.storyboard */ = {
			isa = PBXVariantGroup;
			children = (
				E9335C691BFA7EBC002DD9C6 /* Base */,
			);
			name = LaunchScreen.storyboard;
			sourceTree = "<group>";
		};
/* End PBXVariantGroup section */

/* Begin XCBuildConfiguration section */
		E9335C771BFA7EBD002DD9C6 /* Debug */ = {
			isa = XCBuildConfiguration;
			buildSettings = {
				ALWAYS_SEARCH_USER_PATHS = NO;
				CLANG_CXX_LANGUAGE_STANDARD = "gnu++0x";
				CLANG_CXX_LIBRARY = "libc++";
				CLANG_ENABLE_MODULES = YES;
				CLANG_ENABLE_OBJC_ARC = YES;
				CLANG_WARN_BOOL_CONVERSION = YES;
				CLANG_WARN_CONSTANT_CONVERSION = YES;
				CLANG_WARN_DIRECT_OBJC_ISA_USAGE = YES_ERROR;
				CLANG_WARN_EMPTY_BODY = YES;
				CLANG_WARN_ENUM_CONVERSION = YES;
				CLANG_WARN_INT_CONVERSION = YES;
				CLANG_WARN_OBJC_ROOT_CLASS = YES_ERROR;
				CLANG_WARN_UNREACHABLE_CODE = YES;
				CLANG_WARN__DUPLICATE_METHOD_MATCH = YES;
				"CODE_SIGN_IDENTITY[sdk=iphoneos*]" = "iPhone Developer";
				COPY_PHASE_STRIP = NO;
				DEBUG_INFORMATION_FORMAT = dwarf;
				ENABLE_STRICT_OBJC_MSGSEND = YES;
				ENABLE_TESTABILITY = YES;
				GCC_C_LANGUAGE_STANDARD = gnu99;
				GCC_DYNAMIC_NO_PIC = NO;
				GCC_NO_COMMON_BLOCKS = YES;
				GCC_OPTIMIZATION_LEVEL = 0;
				GCC_PREPROCESSOR_DEFINITIONS = (
					"DEBUG=1",
					"$(inherited)",
				);
				GCC_WARN_64_TO_32_BIT_CONVERSION = YES;
				GCC_WARN_ABOUT_RETURN_TYPE = YES_ERROR;
				GCC_WARN_UNDECLARED_SELECTOR = YES;
				GCC_WARN_UNINITIALIZED_AUTOS = YES_AGGRESSIVE;
				GCC_WARN_UNUSED_FUNCTION = YES;
				GCC_WARN_UNUSED_VARIABLE = YES;
				IPHONEOS_DEPLOYMENT_TARGET = 9.0;
				MTL_ENABLE_DEBUG_INFO = YES;
				ONLY_ACTIVE_ARCH = YES;
				SDKROOT = iphoneos;
			};
			name = Debug;
		};
		E9335C781BFA7EBD002DD9C6 /* Release */ = {
			isa = XCBuildConfiguration;
			buildSettings = {
				ALWAYS_SEARCH_USER_PATHS = NO;
				CLANG_CXX_LANGUAGE_STANDARD = "gnu++0x";
				CLANG_CXX_LIBRARY = "libc++";
				CLANG_ENABLE_MODULES = YES;
				CLANG_ENABLE_OBJC_ARC = YES;
				CLANG_WARN_BOOL_CONVERSION = YES;
				CLANG_WARN_CONSTANT_CONVERSION = YES;
				CLANG_WARN_DIRECT_OBJC_ISA_USAGE = YES_ERROR;
				CLANG_WARN_EMPTY_BODY = YES;
				CLANG_WARN_ENUM_CONVERSION = YES;
				CLANG_WARN_INT_CONVERSION = YES;
				CLANG_WARN_OBJC_ROOT_CLASS = YES_ERROR;
				CLANG_WARN_UNREACHABLE_CODE = YES;
				CLANG_WARN__DUPLICATE_METHOD_MATCH = YES;
				"CODE_SIGN_IDENTITY[sdk=iphoneos*]" = "iPhone Developer";
				COPY_PHASE_STRIP = NO;
				DEBUG_INFORMATION_FORMAT = "dwarf-with-dsym";
				ENABLE_NS_ASSERTIONS = NO;
				ENABLE_STRICT_OBJC_MSGSEND = YES;
				GCC_C_LANGUAGE_STANDARD = gnu99;
				GCC_NO_COMMON_BLOCKS = YES;
				GCC_WARN_64_TO_32_BIT_CONVERSION = YES;
				GCC_WARN_ABOUT_RETURN_TYPE = YES_ERROR;
				GCC_WARN_UNDECLARED_SELECTOR = YES;
				GCC_WARN_UNINITIALIZED_AUTOS = YES_AGGRESSIVE;
				GCC_WARN_UNUSED_FUNCTION = YES;
				GCC_WARN_UNUSED_VARIABLE = YES;
				IPHONEOS_DEPLOYMENT_TARGET = 9.0;
				MTL_ENABLE_DEBUG_INFO = NO;
				SDKROOT = iphoneos;
				VALIDATE_PRODUCT = YES;
			};
			name = Release;
		};
		E9335C7A1BFA7EBD002DD9C6 /* Debug */ = {
			isa = XCBuildConfiguration;
			baseConfigurationReference = 1439F6BDFBB4367B82653AF1 /* Pods-harpy.debug.xcconfig */;
			buildSettings = {
				ASSETCATALOG_COMPILER_APPICON_NAME = AppIcon;
				INFOPLIST_FILE = harpy/Info.plist;
				LD_RUNPATH_SEARCH_PATHS = "$(inherited) @executable_path/Frameworks";
				PRODUCT_BUNDLE_IDENTIFIER = teamFloppyDisk.harpy;
				PRODUCT_NAME = "$(TARGET_NAME)";
			};
			name = Debug;
		};
		E9335C7B1BFA7EBD002DD9C6 /* Release */ = {
			isa = XCBuildConfiguration;
			baseConfigurationReference = 6DB65EC059DFF1DB09801C30 /* Pods-harpy.release.xcconfig */;
			buildSettings = {
				ASSETCATALOG_COMPILER_APPICON_NAME = AppIcon;
				INFOPLIST_FILE = harpy/Info.plist;
				LD_RUNPATH_SEARCH_PATHS = "$(inherited) @executable_path/Frameworks";
				PRODUCT_BUNDLE_IDENTIFIER = teamFloppyDisk.harpy;
				PRODUCT_NAME = "$(TARGET_NAME)";
			};
			name = Release;
		};
		E9335C7D1BFA7EBD002DD9C6 /* Debug */ = {
			isa = XCBuildConfiguration;
			buildSettings = {
				BUNDLE_LOADER = "$(TEST_HOST)";
				INFOPLIST_FILE = harpyTests/Info.plist;
				LD_RUNPATH_SEARCH_PATHS = "$(inherited) @executable_path/Frameworks @loader_path/Frameworks";
				PRODUCT_BUNDLE_IDENTIFIER = teamFloppyDisk.harpyTests;
				PRODUCT_NAME = "$(TARGET_NAME)";
				TEST_HOST = "$(BUILT_PRODUCTS_DIR)/harpy.app/harpy";
			};
			name = Debug;
		};
		E9335C7E1BFA7EBD002DD9C6 /* Release */ = {
			isa = XCBuildConfiguration;
			buildSettings = {
				BUNDLE_LOADER = "$(TEST_HOST)";
				INFOPLIST_FILE = harpyTests/Info.plist;
				LD_RUNPATH_SEARCH_PATHS = "$(inherited) @executable_path/Frameworks @loader_path/Frameworks";
				PRODUCT_BUNDLE_IDENTIFIER = teamFloppyDisk.harpyTests;
				PRODUCT_NAME = "$(TARGET_NAME)";
				TEST_HOST = "$(BUILT_PRODUCTS_DIR)/harpy.app/harpy";
			};
			name = Release;
		};
/* End XCBuildConfiguration section */

/* Begin XCConfigurationList section */
		E9335C521BFA7EBC002DD9C6 /* Build configuration list for PBXProject "harpy" */ = {
			isa = XCConfigurationList;
			buildConfigurations = (
				E9335C771BFA7EBD002DD9C6 /* Debug */,
				E9335C781BFA7EBD002DD9C6 /* Release */,
			);
			defaultConfigurationIsVisible = 0;
			defaultConfigurationName = Release;
		};
		E9335C791BFA7EBD002DD9C6 /* Build configuration list for PBXNativeTarget "harpy" */ = {
			isa = XCConfigurationList;
			buildConfigurations = (
				E9335C7A1BFA7EBD002DD9C6 /* Debug */,
				E9335C7B1BFA7EBD002DD9C6 /* Release */,
			);
			defaultConfigurationIsVisible = 0;
			defaultConfigurationName = Release;
		};
		E9335C7C1BFA7EBD002DD9C6 /* Build configuration list for PBXNativeTarget "harpyTests" */ = {
			isa = XCConfigurationList;
			buildConfigurations = (
				E9335C7D1BFA7EBD002DD9C6 /* Debug */,
				E9335C7E1BFA7EBD002DD9C6 /* Release */,
			);
			defaultConfigurationIsVisible = 0;
			defaultConfigurationName = Release;
		};
/* End XCConfigurationList section */
	};
	rootObject = E9335C4F1BFA7EBC002DD9C6 /* Project object */;
}
